
Microsoft Visual Studio Solution File, Format Version 12.00
# Visual Studio Version 16
VisualStudioVersion = 16.0.31005.135
MinimumVisualStudioVersion = 10.0.40219.1
Project("{9A19103F-16F7-4668-BE54-9A1E7A4F7556}") = "Xramcire.Dokumentieren.Web", "Xramcire.Dokumentieren.Web\Xramcire.Dokumentieren.Web.csproj", "{3C0D45C6-2308-43CF-9AC0-3B34A003BB68}"
EndProject
Project("{9A19103F-16F7-4668-BE54-9A1E7A4F7556}") = "Xramcire.Dokumentieren.Services", "Xramcire.Dokumentieren.Services\Xramcire.Dokumentieren.Services.csproj", "{59810861-0373-4198-BDA0-BE6464FE8DFA}"
EndProject
Project("{FAE04EC0-301F-11D3-BF4B-00C04F79EFBC}") = "Xramcire.Dokumentieren.Tests", "Xramcire.Dokumentieren.Tests\Xramcire.Dokumentieren.Tests.csproj", "{4933B8A3-96C9-4A64-9273-F5AB5AE81029}"
EndProject
Global
	GlobalSection(SolutionConfigurationPlatforms) = preSolution
		Debug|Any CPU = Debug|Any CPU
		Release|Any CPU = Release|Any CPU
	EndGlobalSection
	GlobalSection(ProjectConfigurationPlatforms) = postSolution
		{3C0D45C6-2308-43CF-9AC0-3B34A003BB68}.Debug|Any CPU.ActiveCfg = Debug|Any CPU
		{3C0D45C6-2308-43CF-9AC0-3B34A003BB68}.Debug|Any CPU.Build.0 = Debug|Any CPU
		{3C0D45C6-2308-43CF-9AC0-3B34A003BB68}.Release|Any CPU.ActiveCfg = Release|Any CPU
		{3C0D45C6-2308-43CF-9AC0-3B34A003BB68}.Release|Any CPU.Build.0 = Release|Any CPU
		{59810861-0373-4198-BDA0-BE6464FE8DFA}.Debug|Any CPU.ActiveCfg = Debug|Any CPU
		{59810861-0373-4198-BDA0-BE6464FE8DFA}.Debug|Any CPU.Build.0 = Debug|Any CPU
		{59810861-0373-4198-BDA0-BE6464FE8DFA}.Release|Any CPU.ActiveCfg = Release|Any CPU
		{59810861-0373-4198-BDA0-BE6464FE8DFA}.Release|Any CPU.Build.0 = Release|Any CPU
		{4933B8A3-96C9-4A64-9273-F5AB5AE81029}.Debug|Any CPU.ActiveCfg = Debug|Any CPU
		{4933B8A3-96C9-4A64-9273-F5AB5AE81029}.Debug|Any CPU.Build.0 = Debug|Any CPU
		{4933B8A3-96C9-4A64-9273-F5AB5AE81029}.Release|Any CPU.ActiveCfg = Release|Any CPU
		{4933B8A3-96C9-4A64-9273-F5AB5AE81029}.Release|Any CPU.Build.0 = Release|Any CPU
	EndGlobalSection
	GlobalSection(SolutionProperties) = preSolution
		HideSolutionNode = FALSE
	EndGlobalSection
	GlobalSection(ExtensibilityGlobals) = postSolution
		SolutionGuid = {38C11EC2-B440-46A8-A535-B2987C76FD85}
	EndGlobalSection
EndGlobal
